PODS:
  - Alamofire (4.5.0)
  - ChameleonFramework (2.1.0):
    - ChameleonFramework/Default (= 2.1.0)
  - ChameleonFramework/Default (2.1.0)
  - Hero (0.3.6)
  - IQKeyboardManagerSwift (4.0.10)
  - MJRefresh (3.1.12)
  - Onboard (2.3.1)
  - PageMenu (2.0.0)
  - RAMAnimatedTabBarController (2.2.0)
  - RKNotificationHub (2.0.4)
  - RxSwift (3.5.0)
  - SnapKit (3.2.0)

DEPENDENCIES:
  - Alamofire (~> 4.5.0)
  - ChameleonFramework (~> 2.1.0)
  - Hero
  - IQKeyboardManagerSwift (~> 4.0.10)
  - MJRefresh (~> 3.1.12)
  - Onboard (~> 2.3.1)
  - PageMenu (~> 2.0.0)
  - RAMAnimatedTabBarController (~> 2.2.0)
  - RKNotificationHub (~> 2.0.4)
  - RxSwift (~> 3.5.0)
  - SnapKit (~> 3.2.0)

SPEC CHECKSUMS:
  Alamofire: f28cdffd29de33a7bfa022cbd63ae95a27fae140
  ChameleonFramework: d21a3cc247abfe5e37609a283a8238b03575cf64
  Hero: d3c6f4dd80cdcdbb339be64e57ae3b5c3ab9938c
  IQKeyboardManagerSwift: 75ba21a23794a1e6b6fe6d9a267ea17f80e06771
  MJRefresh: b96cdb21c4aa75a7b07654311ab2f315c497e806
  Onboard: b6871f25ac753175b2ab9a362fb2feb26a81a311
  PageMenu: 9c38fd7e0d9ef4b1408320f55bb907bbc0e538dc
  RAMAnimatedTabBarController: 4904a0ec08f2a4e935d0d3a5824551a77390b965
  RKNotificationHub: 3765424499139c3d3885b681bb0837f072d12ae6
  RxSwift: 18ee9d78b45edb3b0b7e79916b47a116e6dbc842
  SnapKit: 1ca44df72cfa543218d177cb8aab029d10d86ea7

PODFILE CHECKSUM: ce4d01cf4b460b1bb2b0275ed124d2bf5b624755

COCOAPODS: 1.2.1
